
Microsoft Visual Studio Solution File, Format Version 12.00
# Visual Studio Version 17
VisualStudioVersion = 17.7.34031.279
MinimumVisualStudioVersion = 10.0.40219.1
Project("{9A19103F-16F7-4668-BE54-9A1E7A4F7556}") = "SpekkieTwitchBot", "SpekkieTwitchBot\SpekkieTwitchBot.csproj", "{1C50416A-E914-42E5-A1C5-0B8051CCF34F}"
EndProject
Project("{FAE04EC0-301F-11D3-BF4B-00C04F79EFBC}") = "obs-websocket-dotnet", "..\..\OBS-websocket-test\obs-websocket-dotnet\obs-websocket-dotnet.csproj", "{A18424B1-9D6D-42AD-8A8B-32CE2DE06DF5}"
EndProject
Project("{FAE04EC0-301F-11D3-BF4B-00C04F79EFBC}") = "SpotifyAPI.Web", "..\..\..\..\..\..\source\repos\SpotifyAPI-NET\SpotifyAPI.Web\SpotifyAPI.Web.csproj", "{D2321DDD-9AE9-41E4-85F2-33BE2A34A0A7}"
EndProject
Project("{FAE04EC0-301F-11D3-BF4B-00C04F79EFBC}") = "SpotifyAPI.Web.Auth", "..\..\..\..\..\..\source\repos\SpotifyAPI-NET\SpotifyAPI.Web.Auth\SpotifyAPI.Web.Auth.csproj", "{1D84D27F-8C99-4EDC-A9FF-07BE8EE86D09}"
EndProject
Global
	GlobalSection(SolutionConfigurationPlatforms) = preSolution
		Debug|Any CPU = Debug|Any CPU
		Release|Any CPU = Release|Any CPU
	EndGlobalSection
	GlobalSection(ProjectConfigurationPlatforms) = postSolution
		{1C50416A-E914-42E5-A1C5-0B8051CCF34F}.Debug|Any CPU.ActiveCfg = Debug|Any CPU
		{1C50416A-E914-42E5-A1C5-0B8051CCF34F}.Debug|Any CPU.Build.0 = Debug|Any CPU
		{1C50416A-E914-42E5-A1C5-0B8051CCF34F}.Release|Any CPU.ActiveCfg = Release|Any CPU
		{1C50416A-E914-42E5-A1C5-0B8051CCF34F}.Release|Any CPU.Build.0 = Release|Any CPU
		{A18424B1-9D6D-42AD-8A8B-32CE2DE06DF5}.Debug|Any CPU.ActiveCfg = Debug|Any CPU
		{A18424B1-9D6D-42AD-8A8B-32CE2DE06DF5}.Debug|Any CPU.Build.0 = Debug|Any CPU
		{A18424B1-9D6D-42AD-8A8B-32CE2DE06DF5}.Release|Any CPU.ActiveCfg = Release|Any CPU
		{A18424B1-9D6D-42AD-8A8B-32CE2DE06DF5}.Release|Any CPU.Build.0 = Release|Any CPU
		{D2321DDD-9AE9-41E4-85F2-33BE2A34A0A7}.Debug|Any CPU.ActiveCfg = Debug|Any CPU
		{D2321DDD-9AE9-41E4-85F2-33BE2A34A0A7}.Debug|Any CPU.Build.0 = Debug|Any CPU
		{D2321DDD-9AE9-41E4-85F2-33BE2A34A0A7}.Release|Any CPU.ActiveCfg = Release|Any CPU
		{D2321DDD-9AE9-41E4-85F2-33BE2A34A0A7}.Release|Any CPU.Build.0 = Release|Any CPU
		{1D84D27F-8C99-4EDC-A9FF-07BE8EE86D09}.Debug|Any CPU.ActiveCfg = Debug|Any CPU
		{1D84D27F-8C99-4EDC-A9FF-07BE8EE86D09}.Debug|Any CPU.Build.0 = Debug|Any CPU
		{1D84D27F-8C99-4EDC-A9FF-07BE8EE86D09}.Release|Any CPU.ActiveCfg = Release|Any CPU
		{1D84D27F-8C99-4EDC-A9FF-07BE8EE86D09}.Release|Any CPU.Build.0 = Release|Any CPU
	EndGlobalSection
	GlobalSection(SolutionProperties) = preSolution
		HideSolutionNode = FALSE
	EndGlobalSection
	GlobalSection(ExtensibilityGlobals) = postSolution
		SolutionGuid = {1515C6B0-920B-4A26-B87A-56ECB9E054ED}
	EndGlobalSection
EndGlobal
